
Microsoft Visual Studio Solution File, Format Version 12.00
# Visual Studio Version 17
VisualStudioVersion = 17.4.33213.308
MinimumVisualStudioVersion = 10.0.40219.1
Project("{FAE04EC0-301F-11D3-BF4B-00C04F79EFBC}") = "ComputerGraphics", "ComputerGraphics\ComputerGraphics.csproj", "{E12E1076-6B65-4E3C-B1BA-C5A2ED5FCB43}"
EndProject
Project("{FAE04EC0-301F-11D3-BF4B-00C04F79EFBC}") = "GeometricStructures", "GeometricStructures\GeometricStructures.csproj", "{5869C1F6-983C-4B40-B0A7-F8AB87CA2EA9}"
EndProject
Global
	GlobalSection(SolutionConfigurationPlatforms) = preSolution
		Debug|Any CPU = Debug|Any CPU
		Release|Any CPU = Release|Any CPU
	EndGlobalSection
	GlobalSection(ProjectConfigurationPlatforms) = postSolution
		{E12E1076-6B65-4E3C-B1BA-C5A2ED5FCB43}.Debug|Any CPU.ActiveCfg = Debug|Any CPU
		{E12E1076-6B65-4E3C-B1BA-C5A2ED5FCB43}.Debug|Any CPU.Build.0 = Debug|Any CPU
		{E12E1076-6B65-4E3C-B1BA-C5A2ED5FCB43}.Release|Any CPU.ActiveCfg = Release|Any CPU
		{E12E1076-6B65-4E3C-B1BA-C5A2ED5FCB43}.Release|Any CPU.Build.0 = Release|Any CPU
		{5869C1F6-983C-4B40-B0A7-F8AB87CA2EA9}.Debug|Any CPU.ActiveCfg = Debug|Any CPU
		{5869C1F6-983C-4B40-B0A7-F8AB87CA2EA9}.Debug|Any CPU.Build.0 = Debug|Any CPU
		{5869C1F6-983C-4B40-B0A7-F8AB87CA2EA9}.Release|Any CPU.ActiveCfg = Release|Any CPU
		{5869C1F6-983C-4B40-B0A7-F8AB87CA2EA9}.Release|Any CPU.Build.0 = Release|Any CPU
	EndGlobalSection
	GlobalSection(SolutionProperties) = preSolution
		HideSolutionNode = FALSE
	EndGlobalSection
	GlobalSection(ExtensibilityGlobals) = postSolution
		SolutionGuid = {0F21BAA1-A0C4-4FC3-9512-27B4600FBB37}
	EndGlobalSection
EndGlobal
